
Microsoft Visual Studio Solution File, Format Version 12.00
# Visual Studio Version 17
VisualStudioVersion = 17.4.33213.308
MinimumVisualStudioVersion = 10.0.40219.1
Project("{FAE04EC0-301F-11D3-BF4B-00C04F79EFBC}") = "JSN_Log", "JSN_Log\JSN_Log.csproj", "{5067BF16-4098-47AD-B9A4-BAD377A4986E}"
EndProject
Global
	GlobalSection(SolutionConfigurationPlatforms) = preSolution
		Debug|Any CPU = Debug|Any CPU
		Release|Any CPU = Release|Any CPU
	EndGlobalSection
	GlobalSection(ProjectConfigurationPlatforms) = postSolution
		{5067BF16-4098-47AD-B9A4-BAD377A4986E}.Debug|Any CPU.ActiveCfg = Debug|Any CPU
		{5067BF16-4098-47AD-B9A4-BAD377A4986E}.Debug|Any CPU.Build.0 = Debug|Any CPU
		{5067BF16-4098-47AD-B9A4-BAD377A4986E}.Release|Any CPU.ActiveCfg = Release|Any CPU
		{5067BF16-4098-47AD-B9A4-BAD377A4986E}.Release|Any CPU.Build.0 = Release|Any CPU
	EndGlobalSection
	GlobalSection(SolutionProperties) = preSolution
		HideSolutionNode = FALSE
	EndGlobalSection
	GlobalSection(ExtensibilityGlobals) = postSolution
		SolutionGuid = {8FD50AEE-41E1-4178-8030-794BD7BDAD2A}
	EndGlobalSection
EndGlobal
